github.com/Eodomius/router v0.0.0-20220306163511-5fcda88d9f63 h1:MhlvCgp2z5w1VDzlyPJa6X45j1di2JWrLyTkxw/+2I0=
github.com/Eodomius/router v0.0.0-20220306163511-5fcda88d9f63/go.mod h1:D6ZXGhTdIrCaMk1m556AzCBlFX5XrWJsequZLO+ORko=
github.com/Eodomius/router v0.0.0-20220306165202-6f8962efb68b h1:k0sbJZjvk0pRrhqNET88dEEYGnOQemH/FUwzXOpxcEg=
github.com/Eodomius/router v0.0.0-20220306165202-6f8962efb68b/go.mod h1:D6ZXGhTdIrCaMk1m556AzCBlFX5XrWJsequZLO+ORko=
