github.com/Eodomius/router v0.1.0 h1:iHYPEe/2TNbtJ14bz1ogCxBqhvD5KaCF0Ar5SMoPnFY=
github.com/Eodomius/router v0.1.0/go.mod h1:D6ZXGhTdIrCaMk1m556AzCBlFX5XrWJsequZLO+ORko=
github.com/Eodomius/router v0.1.1 h1:kESNGOuOh942fMLWNnb5Mfit6HNKy9UF6/8rjJsXWdM=
github.com/Eodomius/router v0.1.1/go.mod h1:D6ZXGhTdIrCaMk1m556AzCBlFX5XrWJsequZLO+ORko=
